
Microsoft Visual Studio Solution File, Format Version 12.00
# Visual Studio 15
VisualStudioVersion = 15.0.28010.2046
MinimumVisualStudioVersion = 10.0.40219.1
Project("{FAE04EC0-301F-11D3-BF4B-00C04F79EFBC}") = "FileDateCracker", "src\FileDateCracker.csproj", "{52523809-9E1E-4A2A-85C2-FB613A21E62F}"
EndProject
Global
	GlobalSection(SolutionConfigurationPlatforms) = preSolution
		Debug|Any CPU = Debug|Any CPU
		Release|Any CPU = Release|Any CPU
	EndGlobalSection
	GlobalSection(ProjectConfigurationPlatforms) = postSolution
		{52523809-9E1E-4A2A-85C2-FB613A21E62F}.Debug|Any CPU.ActiveCfg = Debug|Any CPU
		{52523809-9E1E-4A2A-85C2-FB613A21E62F}.Debug|Any CPU.Build.0 = Debug|Any CPU
		{52523809-9E1E-4A2A-85C2-FB613A21E62F}.Release|Any CPU.ActiveCfg = Release|Any CPU
		{52523809-9E1E-4A2A-85C2-FB613A21E62F}.Release|Any CPU.Build.0 = Release|Any CPU
	EndGlobalSection
	GlobalSection(SolutionProperties) = preSolution
		HideSolutionNode = FALSE
	EndGlobalSection
	GlobalSection(ExtensibilityGlobals) = postSolution
		SolutionGuid = {DDF89572-A50B-4BD3-9C7E-2D3B3DB1058F}
	EndGlobalSection
EndGlobal
